
Microsoft Visual Studio Solution File, Format Version 11.00
# Visual Studio 2010
Project("{FAE04EC0-301F-11D3-BF4B-00C04F79EFBC}") = "pic_dotnet_sdk", "pic_dotnet_sdk\pic_dotnet_sdk.csproj", "{A653F16E-3E1F-4DBF-A03A-7061ED8376EC}"
EndProject
Global
	GlobalSection(SolutionConfigurationPlatforms) = preSolution
		Debug|x86 = Debug|x86
		Release|x86 = Release|x86
	EndGlobalSection
	GlobalSection(ProjectConfigurationPlatforms) = postSolution
		{A653F16E-3E1F-4DBF-A03A-7061ED8376EC}.Debug|x86.ActiveCfg = Debug|x86
		{A653F16E-3E1F-4DBF-A03A-7061ED8376EC}.Debug|x86.Build.0 = Debug|x86
		{A653F16E-3E1F-4DBF-A03A-7061ED8376EC}.Release|x86.ActiveCfg = Release|x86
		{A653F16E-3E1F-4DBF-A03A-7061ED8376EC}.Release|x86.Build.0 = Release|x86
	EndGlobalSection
	GlobalSection(SolutionProperties) = preSolution
		HideSolutionNode = FALSE
	EndGlobalSection
EndGlobal
